
Microsoft Visual Studio Solution File, Format Version 12.00
# Visual Studio Version 16
VisualStudioVersion = 16.0.28803.202
MinimumVisualStudioVersion = 10.0.40219.1
Project("{FAE04EC0-301F-11D3-BF4B-00C04F79EFBC}") = "WebApplication1", "WebApplication1\WebApplication1.csproj", "{B3B6A62F-9B0A-4D0F-9741-C527B4D60496}"
EndProject
Global
	GlobalSection(SolutionConfigurationPlatforms) = preSolution
		Debug|Any CPU = Debug|Any CPU
		Release|Any CPU = Release|Any CPU
	EndGlobalSection
	GlobalSection(ProjectConfigurationPlatforms) = postSolution
		{B3B6A62F-9B0A-4D0F-9741-C527B4D60496}.Debug|Any CPU.ActiveCfg = Debug|Any CPU
		{B3B6A62F-9B0A-4D0F-9741-C527B4D60496}.Debug|Any CPU.Build.0 = Debug|Any CPU
		{B3B6A62F-9B0A-4D0F-9741-C527B4D60496}.Release|Any CPU.ActiveCfg = Release|Any CPU
		{B3B6A62F-9B0A-4D0F-9741-C527B4D60496}.Release|Any CPU.Build.0 = Release|Any CPU
	EndGlobalSection
	GlobalSection(SolutionProperties) = preSolution
		HideSolutionNode = FALSE
	EndGlobalSection
	GlobalSection(ExtensibilityGlobals) = postSolution
		SolutionGuid = {8D35BB91-028F-4899-A598-49FBDBFD8B96}
	EndGlobalSection
EndGlobal
